
Microsoft Visual Studio Solution File, Format Version 12.00
# Visual Studio Version 17
VisualStudioVersion = 17.11.35222.181
MinimumVisualStudioVersion = 10.0.40219.1
Project("{9A19103F-16F7-4668-BE54-9A1E7A4F7556}") = "01__zhuoye", "02__zhuoye\01__zhuoye.csproj", "{4DC345ED-EAFF-4720-BAEC-AA0FADC3CC6A}"
EndProject
Project("{9A19103F-16F7-4668-BE54-9A1E7A4F7556}") = "02___zhuoye", "02___zhuoye\02___zhuoye.csproj", "{A2942E0D-20A1-43CF-A962-D6C474F41F3B}"
EndProject
Project("{9A19103F-16F7-4668-BE54-9A1E7A4F7556}") = "03__zhuoye", "03__zhuoye\03__zhuoye.csproj", "{4BED6C3D-D57B-4BB8-8856-6F6847C748BA}"
EndProject
Project("{9A19103F-16F7-4668-BE54-9A1E7A4F7556}") = "04__zhuoye", "04__zhuoye\04__zhuoye.csproj", "{C197B63F-FD63-470D-9725-1234DC3E9D6A}"
EndProject
Project("{9A19103F-16F7-4668-BE54-9A1E7A4F7556}") = "05__zhuoye", "05__zhuoye\05__zhuoye.csproj", "{94C84644-F18D-4655-8207-D98CB7A24392}"
EndProject
Project("{9A19103F-16F7-4668-BE54-9A1E7A4F7556}") = "B__01zhuoye", "B__01zhuoye\B__01zhuoye.csproj", "{CF893A6C-ED41-423A-BA96-4DC84213EFBF}"
EndProject
Project("{FAE04EC0-301F-11D3-BF4B-00C04F79EFBC}") = "C__01zhuoye", "C__01zhuoye\C__01zhuoye.csproj", "{12680C70-FC7E-422F-A17D-93EED65F5C55}"
EndProject
Project("{FAE04EC0-301F-11D3-BF4B-00C04F79EFBC}") = "C__02zhuoye", "C__02zhuoye\C__02zhuoye.csproj", "{EB9370B6-D3BE-4A53-AAD5-3B6F4125954D}"
EndProject
Global
	GlobalSection(SolutionConfigurationPlatforms) = preSolution
		Debug|Any CPU = Debug|Any CPU
		Release|Any CPU = Release|Any CPU
	EndGlobalSection
	GlobalSection(ProjectConfigurationPlatforms) = postSolution
		{4DC345ED-EAFF-4720-BAEC-AA0FADC3CC6A}.Debug|Any CPU.ActiveCfg = Debug|Any CPU
		{4DC345ED-EAFF-4720-BAEC-AA0FADC3CC6A}.Debug|Any CPU.Build.0 = Debug|Any CPU
		{4DC345ED-EAFF-4720-BAEC-AA0FADC3CC6A}.Release|Any CPU.ActiveCfg = Release|Any CPU
		{4DC345ED-EAFF-4720-BAEC-AA0FADC3CC6A}.Release|Any CPU.Build.0 = Release|Any CPU
		{A2942E0D-20A1-43CF-A962-D6C474F41F3B}.Debug|Any CPU.ActiveCfg = Debug|Any CPU
		{A2942E0D-20A1-43CF-A962-D6C474F41F3B}.Debug|Any CPU.Build.0 = Debug|Any CPU
		{A2942E0D-20A1-43CF-A962-D6C474F41F3B}.Release|Any CPU.ActiveCfg = Release|Any CPU
		{A2942E0D-20A1-43CF-A962-D6C474F41F3B}.Release|Any CPU.Build.0 = Release|Any CPU
		{4BED6C3D-D57B-4BB8-8856-6F6847C748BA}.Debug|Any CPU.ActiveCfg = Debug|Any CPU
		{4BED6C3D-D57B-4BB8-8856-6F6847C748BA}.Debug|Any CPU.Build.0 = Debug|Any CPU
		{4BED6C3D-D57B-4BB8-8856-6F6847C748BA}.Release|Any CPU.ActiveCfg = Release|Any CPU
		{4BED6C3D-D57B-4BB8-8856-6F6847C748BA}.Release|Any CPU.Build.0 = Release|Any CPU
		{C197B63F-FD63-470D-9725-1234DC3E9D6A}.Debug|Any CPU.ActiveCfg = Debug|Any CPU
		{C197B63F-FD63-470D-9725-1234DC3E9D6A}.Debug|Any CPU.Build.0 = Debug|Any CPU
		{C197B63F-FD63-470D-9725-1234DC3E9D6A}.Release|Any CPU.ActiveCfg = Release|Any CPU
		{C197B63F-FD63-470D-9725-1234DC3E9D6A}.Release|Any CPU.Build.0 = Release|Any CPU
		{94C84644-F18D-4655-8207-D98CB7A24392}.Debug|Any CPU.ActiveCfg = Debug|Any CPU
		{94C84644-F18D-4655-8207-D98CB7A24392}.Debug|Any CPU.Build.0 = Debug|Any CPU
		{94C84644-F18D-4655-8207-D98CB7A24392}.Release|Any CPU.ActiveCfg = Release|Any CPU
		{94C84644-F18D-4655-8207-D98CB7A24392}.Release|Any CPU.Build.0 = Release|Any CPU
		{CF893A6C-ED41-423A-BA96-4DC84213EFBF}.Debug|Any CPU.ActiveCfg = Debug|Any CPU
		{CF893A6C-ED41-423A-BA96-4DC84213EFBF}.Debug|Any CPU.Build.0 = Debug|Any CPU
		{CF893A6C-ED41-423A-BA96-4DC84213EFBF}.Release|Any CPU.ActiveCfg = Release|Any CPU
		{CF893A6C-ED41-423A-BA96-4DC84213EFBF}.Release|Any CPU.Build.0 = Release|Any CPU
		{12680C70-FC7E-422F-A17D-93EED65F5C55}.Debug|Any CPU.ActiveCfg = Debug|Any CPU
		{12680C70-FC7E-422F-A17D-93EED65F5C55}.Debug|Any CPU.Build.0 = Debug|Any CPU
		{12680C70-FC7E-422F-A17D-93EED65F5C55}.Release|Any CPU.ActiveCfg = Release|Any CPU
		{12680C70-FC7E-422F-A17D-93EED65F5C55}.Release|Any CPU.Build.0 = Release|Any CPU
		{EB9370B6-D3BE-4A53-AAD5-3B6F4125954D}.Debug|Any CPU.ActiveCfg = Debug|Any CPU
		{EB9370B6-D3BE-4A53-AAD5-3B6F4125954D}.Debug|Any CPU.Build.0 = Debug|Any CPU
		{EB9370B6-D3BE-4A53-AAD5-3B6F4125954D}.Release|Any CPU.ActiveCfg = Release|Any CPU
		{EB9370B6-D3BE-4A53-AAD5-3B6F4125954D}.Release|Any CPU.Build.0 = Release|Any CPU
	EndGlobalSection
	GlobalSection(SolutionProperties) = preSolution
		HideSolutionNode = FALSE
	EndGlobalSection
	GlobalSection(ExtensibilityGlobals) = postSolution
		SolutionGuid = {087789B4-829C-4CFE-BF08-6D17556CCD68}
	EndGlobalSection
EndGlobal
